
Microsoft Visual Studio Solution File, Format Version 12.00
# Visual Studio Version 17
VisualStudioVersion = 17.7.34031.279
MinimumVisualStudioVersion = 10.0.40219.1
Project("{FAE04EC0-301F-11D3-BF4B-00C04F79EFBC}") = "AndroidGallery.UWP", "AndroidGallery\AndroidGallery.UWP\AndroidGallery.UWP.csproj", "{465EFE1D-C4D9-40D6-B6E5-EB6A01656B67}"
EndProject
Project("{FAE04EC0-301F-11D3-BF4B-00C04F79EFBC}") = "AndroidGallery.Android", "AndroidGallery\AndroidGallery.Android\AndroidGallery.Android.csproj", "{2D3B5836-DA2A-4A4B-A648-F69BF9339A68}"
EndProject
Project("{FAE04EC0-301F-11D3-BF4B-00C04F79EFBC}") = "AndroidGallery.iOS", "AndroidGallery\AndroidGallery.iOS\AndroidGallery.iOS.csproj", "{C674024E-B59F-4D71-9A03-AF78D4C40135}"
EndProject
Project("{FAE04EC0-301F-11D3-BF4B-00C04F79EFBC}") = "AndroidGallery", "AndroidGallery\AndroidGallery\AndroidGallery.csproj", "{139ED74D-860D-45D1-BC12-E3C6240B3D82}"
EndProject
Global
	GlobalSection(SolutionConfigurationPlatforms) = preSolution
		Debug|Any CPU = Debug|Any CPU
		Debug|ARM = Debug|ARM
		Debug|iPhone = Debug|iPhone
		Debug|iPhoneSimulator = Debug|iPhoneSimulator
		Debug|x64 = Debug|x64
		Debug|x86 = Debug|x86
		Release|Any CPU = Release|Any CPU
		Release|ARM = Release|ARM
		Release|iPhone = Release|iPhone
		Release|iPhoneSimulator = Release|iPhoneSimulator
		Release|x64 = Release|x64
		Release|x86 = Release|x86
	EndGlobalSection
	GlobalSection(ProjectConfigurationPlatforms) = postSolution
		{465EFE1D-C4D9-40D6-B6E5-EB6A01656B67}.Debug|Any CPU.ActiveCfg = Debug|x64
		{465EFE1D-C4D9-40D6-B6E5-EB6A01656B67}.Debug|Any CPU.Build.0 = Debug|x64
		{465EFE1D-C4D9-40D6-B6E5-EB6A01656B67}.Debug|Any CPU.Deploy.0 = Debug|x64
		{465EFE1D-C4D9-40D6-B6E5-EB6A01656B67}.Debug|ARM.ActiveCfg = Debug|ARM
		{465EFE1D-C4D9-40D6-B6E5-EB6A01656B67}.Debug|ARM.Build.0 = Debug|ARM
		{465EFE1D-C4D9-40D6-B6E5-EB6A01656B67}.Debug|ARM.Deploy.0 = Debug|ARM
		{465EFE1D-C4D9-40D6-B6E5-EB6A01656B67}.Debug|iPhone.ActiveCfg = Debug|x64
		{465EFE1D-C4D9-40D6-B6E5-EB6A01656B67}.Debug|iPhone.Build.0 = Debug|x64
		{465EFE1D-C4D9-40D6-B6E5-EB6A01656B67}.Debug|iPhone.Deploy.0 = Debug|x64
		{465EFE1D-C4D9-40D6-B6E5-EB6A01656B67}.Debug|iPhoneSimulator.ActiveCfg = Debug|x64
		{465EFE1D-C4D9-40D6-B6E5-EB6A01656B67}.Debug|iPhoneSimulator.Build.0 = Debug|x64
		{465EFE1D-C4D9-40D6-B6E5-EB6A01656B67}.Debug|iPhoneSimulator.Deploy.0 = Debug|x64
		{465EFE1D-C4D9-40D6-B6E5-EB6A01656B67}.Debug|x64.ActiveCfg = Debug|x64
		{465EFE1D-C4D9-40D6-B6E5-EB6A01656B67}.Debug|x64.Build.0 = Debug|x64
		{465EFE1D-C4D9-40D6-B6E5-EB6A01656B67}.Debug|x64.Deploy.0 = Debug|x64
		{465EFE1D-C4D9-40D6-B6E5-EB6A01656B67}.Debug|x86.ActiveCfg = Debug|x86
		{465EFE1D-C4D9-40D6-B6E5-EB6A01656B67}.Debug|x86.Build.0 = Debug|x86
		{465EFE1D-C4D9-40D6-B6E5-EB6A01656B67}.Debug|x86.Deploy.0 = Debug|x86
		{465EFE1D-C4D9-40D6-B6E5-EB6A01656B67}.Release|Any CPU.ActiveCfg = Release|x64
		{465EFE1D-C4D9-40D6-B6E5-EB6A01656B67}.Release|Any CPU.Build.0 = Release|x64
		{465EFE1D-C4D9-40D6-B6E5-EB6A01656B67}.Release|Any CPU.Deploy.0 = Release|x64
		{465EFE1D-C4D9-40D6-B6E5-EB6A01656B67}.Release|ARM.ActiveCfg = Release|ARM
		{465EFE1D-C4D9-40D6-B6E5-EB6A01656B67}.Release|ARM.Build.0 = Release|ARM
		{465EFE1D-C4D9-40D6-B6E5-EB6A01656B67}.Release|ARM.Deploy.0 = Release|ARM
		{465EFE1D-C4D9-40D6-B6E5-EB6A01656B67}.Release|iPhone.ActiveCfg = Release|x64
		{465EFE1D-C4D9-40D6-B6E5-EB6A01656B67}.Release|iPhone.Build.0 = Release|x64
		{465EFE1D-C4D9-40D6-B6E5-EB6A01656B67}.Release|iPhone.Deploy.0 = Release|x64
		{465EFE1D-C4D9-40D6-B6E5-EB6A01656B67}.Release|iPhoneSimulator.ActiveCfg = Release|x64
		{465EFE1D-C4D9-40D6-B6E5-EB6A01656B67}.Release|iPhoneSimulator.Build.0 = Release|x64
		{465EFE1D-C4D9-40D6-B6E5-EB6A01656B67}.Release|iPhoneSimulator.Deploy.0 = Release|x64
		{465EFE1D-C4D9-40D6-B6E5-EB6A01656B67}.Release|x64.ActiveCfg = Release|x64
		{465EFE1D-C4D9-40D6-B6E5-EB6A01656B67}.Release|x64.Build.0 = Release|x64
		{465EFE1D-C4D9-40D6-B6E5-EB6A01656B67}.Release|x64.Deploy.0 = Release|x64
		{465EFE1D-C4D9-40D6-B6E5-EB6A01656B67}.Release|x86.ActiveCfg = Release|x86
		{465EFE1D-C4D9-40D6-B6E5-EB6A01656B67}.Release|x86.Build.0 = Release|x86
		{465EFE1D-C4D9-40D6-B6E5-EB6A01656B67}.Release|x86.Deploy.0 = Release|x86
		{2D3B5836-DA2A-4A4B-A648-F69BF9339A68}.Debug|Any CPU.ActiveCfg = Debug|Any CPU
		{2D3B5836-DA2A-4A4B-A648-F69BF9339A68}.Debug|Any CPU.Build.0 = Debug|Any CPU
		{2D3B5836-DA2A-4A4B-A648-F69BF9339A68}.Debug|Any CPU.Deploy.0 = Debug|Any CPU
		{2D3B5836-DA2A-4A4B-A648-F69BF9339A68}.Debug|ARM.ActiveCfg = Debug|Any CPU
		{2D3B5836-DA2A-4A4B-A648-F69BF9339A68}.Debug|ARM.Build.0 = Debug|Any CPU
		{2D3B5836-DA2A-4A4B-A648-F69BF9339A68}.Debug|ARM.Deploy.0 = Debug|Any CPU
		{2D3B5836-DA2A-4A4B-A648-F69BF9339A68}.Debug|iPhone.ActiveCfg = Debug|Any CPU
		{2D3B5836-DA2A-4A4B-A648-F69BF9339A68}.Debug|iPhone.Build.0 = Debug|Any CPU
		{2D3B5836-DA2A-4A4B-A648-F69BF9339A68}.Debug|iPhone.Deploy.0 = Debug|Any CPU
		{2D3B5836-DA2A-4A4B-A648-F69BF9339A68}.Debug|iPhoneSimulator.ActiveCfg = Debug|Any CPU
		{2D3B5836-DA2A-4A4B-A648-F69BF9339A68}.Debug|iPhoneSimulator.Build.0 = Debug|Any CPU
		{2D3B5836-DA2A-4A4B-A648-F69BF9339A68}.Debug|iPhoneSimulator.Deploy.0 = Debug|Any CPU
		{2D3B5836-DA2A-4A4B-A648-F69BF9339A68}.Debug|x64.ActiveCfg = Debug|Any CPU
		{2D3B5836-DA2A-4A4B-A648-F69BF9339A68}.Debug|x64.Build.0 = Debug|Any CPU
		{2D3B5836-DA2A-4A4B-A648-F69BF9339A68}.Debug|x64.Deploy.0 = Debug|Any CPU
		{2D3B5836-DA2A-4A4B-A648-F69BF9339A68}.Debug|x86.ActiveCfg = Debug|Any CPU
		{2D3B5836-DA2A-4A4B-A648-F69BF9339A68}.Debug|x86.Build.0 = Debug|Any CPU
		{2D3B5836-DA2A-4A4B-A648-F69BF9339A68}.Debug|x86.Deploy.0 = Debug|Any CPU
		{2D3B5836-DA2A-4A4B-A648-F69BF9339A68}.Release|Any CPU.ActiveCfg = Release|Any CPU
		{2D3B5836-DA2A-4A4B-A648-F69BF9339A68}.Release|Any CPU.Build.0 = Release|Any CPU
		{2D3B5836-DA2A-4A4B-A648-F69BF9339A68}.Release|Any CPU.Deploy.0 = Release|Any CPU
		{2D3B5836-DA2A-4A4B-A648-F69BF9339A68}.Release|ARM.ActiveCfg = Release|Any CPU
		{2D3B5836-DA2A-4A4B-A648-F69BF9339A68}.Release|ARM.Build.0 = Release|Any CPU
		{2D3B5836-DA2A-4A4B-A648-F69BF9339A68}.Release|ARM.Deploy.0 = Release|Any CPU
		{2D3B5836-DA2A-4A4B-A648-F69BF9339A68}.Release|iPhone.ActiveCfg = Release|Any CPU
		{2D3B5836-DA2A-4A4B-A648-F69BF9339A68}.Release|iPhone.Build.0 = Release|Any CPU
		{2D3B5836-DA2A-4A4B-A648-F69BF9339A68}.Release|iPhone.Deploy.0 = Release|Any CPU
		{2D3B5836-DA2A-4A4B-A648-F69BF9339A68}.Release|iPhoneSimulator.ActiveCfg = Release|Any CPU
		{2D3B5836-DA2A-4A4B-A648-F69BF9339A68}.Release|iPhoneSimulator.Build.0 = Release|Any CPU
		{2D3B5836-DA2A-4A4B-A648-F69BF9339A68}.Release|iPhoneSimulator.Deploy.0 = Release|Any CPU
		{2D3B5836-DA2A-4A4B-A648-F69BF9339A68}.Release|x64.ActiveCfg = Release|Any CPU
		{2D3B5836-DA2A-4A4B-A648-F69BF9339A68}.Release|x64.Build.0 = Release|Any CPU
		{2D3B5836-DA2A-4A4B-A648-F69BF9339A68}.Release|x64.Deploy.0 = Release|Any CPU
		{2D3B5836-DA2A-4A4B-A648-F69BF9339A68}.Release|x86.ActiveCfg = Release|Any CPU
		{2D3B5836-DA2A-4A4B-A648-F69BF9339A68}.Release|x86.Build.0 = Release|Any CPU
		{2D3B5836-DA2A-4A4B-A648-F69BF9339A68}.Release|x86.Deploy.0 = Release|Any CPU
		{C674024E-B59F-4D71-9A03-AF78D4C40135}.Debug|Any CPU.ActiveCfg = Debug|iPhoneSimulator
		{C674024E-B59F-4D71-9A03-AF78D4C40135}.Debug|Any CPU.Build.0 = Debug|iPhoneSimulator
		{C674024E-B59F-4D71-9A03-AF78D4C40135}.Debug|Any CPU.Deploy.0 = Debug|iPhoneSimulator
		{C674024E-B59F-4D71-9A03-AF78D4C40135}.Debug|ARM.ActiveCfg = Debug|iPhoneSimulator
		{C674024E-B59F-4D71-9A03-AF78D4C40135}.Debug|ARM.Build.0 = Debug|iPhoneSimulator
		{C674024E-B59F-4D71-9A03-AF78D4C40135}.Debug|ARM.Deploy.0 = Debug|iPhoneSimulator
		{C674024E-B59F-4D71-9A03-AF78D4C40135}.Debug|iPhone.ActiveCfg = Debug|iPhone
		{C674024E-B59F-4D71-9A03-AF78D4C40135}.Debug|iPhone.Build.0 = Debug|iPhone
		{C674024E-B59F-4D71-9A03-AF78D4C40135}.Debug|iPhone.Deploy.0 = Debug|iPhone
		{C674024E-B59F-4D71-9A03-AF78D4C40135}.Debug|iPhoneSimulator.ActiveCfg = Debug|iPhoneSimulator
		{C674024E-B59F-4D71-9A03-AF78D4C40135}.Debug|iPhoneSimulator.Build.0 = Debug|iPhoneSimulator
		{C674024E-B59F-4D71-9A03-AF78D4C40135}.Debug|iPhoneSimulator.Deploy.0 = Debug|iPhoneSimulator
		{C674024E-B59F-4D71-9A03-AF78D4C40135}.Debug|x64.ActiveCfg = Debug|iPhone
		{C674024E-B59F-4D71-9A03-AF78D4C40135}.Debug|x64.Build.0 = Debug|iPhone
		{C674024E-B59F-4D71-9A03-AF78D4C40135}.Debug|x64.Deploy.0 = Debug|iPhone
		{C674024E-B59F-4D71-9A03-AF78D4C40135}.Debug|x86.ActiveCfg = Debug|iPhoneSimulator
		{C674024E-B59F-4D71-9A03-AF78D4C40135}.Debug|x86.Build.0 = Debug|iPhoneSimulator
		{C674024E-B59F-4D71-9A03-AF78D4C40135}.Debug|x86.Deploy.0 = Debug|iPhoneSimulator
		{C674024E-B59F-4D71-9A03-AF78D4C40135}.Release|Any CPU.ActiveCfg = Release|iPhoneSimulator
		{C674024E-B59F-4D71-9A03-AF78D4C40135}.Release|Any CPU.Build.0 = Release|iPhoneSimulator
		{C674024E-B59F-4D71-9A03-AF78D4C40135}.Release|Any CPU.Deploy.0 = Release|iPhoneSimulator
		{C674024E-B59F-4D71-9A03-AF78D4C40135}.Release|ARM.ActiveCfg = Release|iPhoneSimulator
		{C674024E-B59F-4D71-9A03-AF78D4C40135}.Release|ARM.Build.0 = Release|iPhoneSimulator
		{C674024E-B59F-4D71-9A03-AF78D4C40135}.Release|ARM.Deploy.0 = Release|iPhoneSimulator
		{C674024E-B59F-4D71-9A03-AF78D4C40135}.Release|iPhone.ActiveCfg = Release|iPhone
		{C674024E-B59F-4D71-9A03-AF78D4C40135}.Release|iPhone.Build.0 = Release|iPhone
		{C674024E-B59F-4D71-9A03-AF78D4C40135}.Release|iPhone.Deploy.0 = Release|iPhone
		{C674024E-B59F-4D71-9A03-AF78D4C40135}.Release|iPhoneSimulator.ActiveCfg = Release|iPhoneSimulator
		{C674024E-B59F-4D71-9A03-AF78D4C40135}.Release|iPhoneSimulator.Build.0 = Release|iPhoneSimulator
		{C674024E-B59F-4D71-9A03-AF78D4C40135}.Release|iPhoneSimulator.Deploy.0 = Release|iPhoneSimulator
		{C674024E-B59F-4D71-9A03-AF78D4C40135}.Release|x64.ActiveCfg = Release|iPhoneSimulator
		{C674024E-B59F-4D71-9A03-AF78D4C40135}.Release|x64.Build.0 = Release|iPhoneSimulator
		{C674024E-B59F-4D71-9A03-AF78D4C40135}.Release|x64.Deploy.0 = Release|iPhoneSimulator
		{C674024E-B59F-4D71-9A03-AF78D4C40135}.Release|x86.ActiveCfg = Release|iPhoneSimulator
		{C674024E-B59F-4D71-9A03-AF78D4C40135}.Release|x86.Build.0 = Release|iPhoneSimulator
		{C674024E-B59F-4D71-9A03-AF78D4C40135}.Release|x86.Deploy.0 = Release|iPhoneSimulator
		{139ED74D-860D-45D1-BC12-E3C6240B3D82}.Debug|Any CPU.ActiveCfg = Debug|Any CPU
		{139ED74D-860D-45D1-BC12-E3C6240B3D82}.Debug|Any CPU.Build.0 = Debug|Any CPU
		{139ED74D-860D-45D1-BC12-E3C6240B3D82}.Debug|Any CPU.Deploy.0 = Debug|Any CPU
		{139ED74D-860D-45D1-BC12-E3C6240B3D82}.Debug|ARM.ActiveCfg = Debug|Any CPU
		{139ED74D-860D-45D1-BC12-E3C6240B3D82}.Debug|ARM.Build.0 = Debug|Any CPU
		{139ED74D-860D-45D1-BC12-E3C6240B3D82}.Debug|ARM.Deploy.0 = Debug|Any CPU
		{139ED74D-860D-45D1-BC12-E3C6240B3D82}.Debug|iPhone.ActiveCfg = Debug|Any CPU
		{139ED74D-860D-45D1-BC12-E3C6240B3D82}.Debug|iPhone.Build.0 = Debug|Any CPU
		{139ED74D-860D-45D1-BC12-E3C6240B3D82}.Debug|iPhone.Deploy.0 = Debug|Any CPU
		{139ED74D-860D-45D1-BC12-E3C6240B3D82}.Debug|iPhoneSimulator.ActiveCfg = Debug|Any CPU
		{139ED74D-860D-45D1-BC12-E3C6240B3D82}.Debug|iPhoneSimulator.Build.0 = Debug|Any CPU
		{139ED74D-860D-45D1-BC12-E3C6240B3D82}.Debug|iPhoneSimulator.Deploy.0 = Debug|Any CPU
		{139ED74D-860D-45D1-BC12-E3C6240B3D82}.Debug|x64.ActiveCfg = Debug|Any CPU
		{139ED74D-860D-45D1-BC12-E3C6240B3D82}.Debug|x64.Build.0 = Debug|Any CPU
		{139ED74D-860D-45D1-BC12-E3C6240B3D82}.Debug|x64.Deploy.0 = Debug|Any CPU
		{139ED74D-860D-45D1-BC12-E3C6240B3D82}.Debug|x86.ActiveCfg = Debug|Any CPU
		{139ED74D-860D-45D1-BC12-E3C6240B3D82}.Debug|x86.Build.0 = Debug|Any CPU
		{139ED74D-860D-45D1-BC12-E3C6240B3D82}.Debug|x86.Deploy.0 = Debug|Any CPU
		{139ED74D-860D-45D1-BC12-E3C6240B3D82}.Release|Any CPU.ActiveCfg = Release|Any CPU
		{139ED74D-860D-45D1-BC12-E3C6240B3D82}.Release|Any CPU.Build.0 = Release|Any CPU
		{139ED74D-860D-45D1-BC12-E3C6240B3D82}.Release|Any CPU.Deploy.0 = Release|Any CPU
		{139ED74D-860D-45D1-BC12-E3C6240B3D82}.Release|ARM.ActiveCfg = Release|Any CPU
		{139ED74D-860D-45D1-BC12-E3C6240B3D82}.Release|ARM.Build.0 = Release|Any CPU
		{139ED74D-860D-45D1-BC12-E3C6240B3D82}.Release|ARM.Deploy.0 = Release|Any CPU
		{139ED74D-860D-45D1-BC12-E3C6240B3D82}.Release|iPhone.ActiveCfg = Release|Any CPU
		{139ED74D-860D-45D1-BC12-E3C6240B3D82}.Release|iPhone.Build.0 = Release|Any CPU
		{139ED74D-860D-45D1-BC12-E3C6240B3D82}.Release|iPhone.Deploy.0 = Release|Any CPU
		{139ED74D-860D-45D1-BC12-E3C6240B3D82}.Release|iPhoneSimulator.ActiveCfg = Release|Any CPU
		{139ED74D-860D-45D1-BC12-E3C6240B3D82}.Release|iPhoneSimulator.Build.0 = Release|Any CPU
		{139ED74D-860D-45D1-BC12-E3C6240B3D82}.Release|iPhoneSimulator.Deploy.0 = Release|Any CPU
		{139ED74D-860D-45D1-BC12-E3C6240B3D82}.Release|x64.ActiveCfg = Release|Any CPU
		{139ED74D-860D-45D1-BC12-E3C6240B3D82}.Release|x64.Build.0 = Release|Any CPU
		{139ED74D-860D-45D1-BC12-E3C6240B3D82}.Release|x64.Deploy.0 = Release|Any CPU
		{139ED74D-860D-45D1-BC12-E3C6240B3D82}.Release|x86.ActiveCfg = Release|Any CPU
		{139ED74D-860D-45D1-BC12-E3C6240B3D82}.Release|x86.Build.0 = Release|Any CPU
		{139ED74D-860D-45D1-BC12-E3C6240B3D82}.Release|x86.Deploy.0 = Release|Any CPU
	EndGlobalSection
	GlobalSection(SolutionProperties) = preSolution
		HideSolutionNode = FALSE
	EndGlobalSection
	GlobalSection(ExtensibilityGlobals) = postSolution
		SolutionGuid = {CA8F6F5E-56A1-491A-9727-44621EC267C4}
	EndGlobalSection
EndGlobal
